// !$*UTF8*$!
{
	archiveVersion = 1;
	classes = {
	};
	objectVersion = 46;
	objects = {

/* Begin PBXBuildFile section */
		57B332E81DBBF65A004739C6 /* AppDelegate.swift in Sources */ = {isa = PBXBuildFile; fileRef = 57B332E71DBBF65A004739C6 /* AppDelegate.swift */; };
		57B332EA1DBBF65A004739C6 /* FeedViewController.swift in Sources */ = {isa = PBXBuildFile; fileRef = 57B332E91DBBF65A004739C6 /* FeedViewController.swift */; };
		57B332ED1DBBF65A004739C6 /* Main.storyboard in Resources */ = {isa = PBXBuildFile; fileRef = 57B332EB1DBBF65A004739C6 /* Main.storyboard */; };
		57B332F01DBBF65A004739C6 /* Tripod.xcdatamodeld in Sources */ = {isa = PBXBuildFile; fileRef = 57B332EE1DBBF65A004739C6 /* Tripod.xcdatamodeld */; };
		57B332F21DBBF65A004739C6 /* Assets.xcassets in Resources */ = {isa = PBXBuildFile; fileRef = 57B332F11DBBF65A004739C6 /* Assets.xcassets */; };
		57B332F51DBBF65A004739C6 /* LaunchScreen.storyboard in Resources */ = {isa = PBXBuildFile; fileRef = 57B332F31DBBF65A004739C6 /* LaunchScreen.storyboard */; };
		57B333001DBBF65A004739C6 /* TripodTests.swift in Sources */ = {isa = PBXBuildFile; fileRef = 57B332FF1DBBF65A004739C6 /* TripodTests.swift */; };
		57B3330B1DBBF65A004739C6 /* TripodUITests.swift in Sources */ = {isa = PBXBuildFile; fileRef = 57B3330A1DBBF65A004739C6 /* TripodUITests.swift */; };
		57B3331A1DBBF6C7004739C6 /* Extensions.swift in Sources */ = {isa = PBXBuildFile; fileRef = 57B333191DBBF6C7004739C6 /* Extensions.swift */; };
		57B333341DBBF7B3004739C6 /* IQNSArray+Sort.swift in Sources */ = {isa = PBXBuildFile; fileRef = 57B3331E1DBBF7B3004739C6 /* IQNSArray+Sort.swift */; };
		57B333351DBBF7B3004739C6 /* IQUIScrollView+Additions.swift in Sources */ = {isa = PBXBuildFile; fileRef = 57B3331F1DBBF7B3004739C6 /* IQUIScrollView+Additions.swift */; };
		57B333361DBBF7B3004739C6 /* IQUITextFieldView+Additions.swift in Sources */ = {isa = PBXBuildFile; fileRef = 57B333201DBBF7B3004739C6 /* IQUITextFieldView+Additions.swift */; };
		57B333371DBBF7B3004739C6 /* IQUIView+Hierarchy.swift in Sources */ = {isa = PBXBuildFile; fileRef = 57B333211DBBF7B3004739C6 /* IQUIView+Hierarchy.swift */; };
		57B333381DBBF7B3004739C6 /* IQUIViewController+Additions.swift in Sources */ = {isa = PBXBuildFile; fileRef = 57B333221DBBF7B3004739C6 /* IQUIViewController+Additions.swift */; };
		57B333391DBBF7B3004739C6 /* IQUIWindow+Hierarchy.swift in Sources */ = {isa = PBXBuildFile; fileRef = 57B333231DBBF7B3004739C6 /* IQUIWindow+Hierarchy.swift */; };
		57B3333A1DBBF7B3004739C6 /* IQKeyboardManagerConstants.swift in Sources */ = {isa = PBXBuildFile; fileRef = 57B333251DBBF7B3004739C6 /* IQKeyboardManagerConstants.swift */; };
		57B3333B1DBBF7B3004739C6 /* IQKeyboardManagerConstantsInternal.swift in Sources */ = {isa = PBXBuildFile; fileRef = 57B333261DBBF7B3004739C6 /* IQKeyboardManagerConstantsInternal.swift */; };
		57B3333C1DBBF7B3004739C6 /* IQKeyboardManager.swift in Sources */ = {isa = PBXBuildFile; fileRef = 57B333271DBBF7B3004739C6 /* IQKeyboardManager.swift */; };
		57B3333D1DBBF7B3004739C6 /* IQKeyboardReturnKeyHandler.swift in Sources */ = {isa = PBXBuildFile; fileRef = 57B333291DBBF7B3004739C6 /* IQKeyboardReturnKeyHandler.swift */; };
		57B3333E1DBBF7B3004739C6 /* IQTextView.swift in Sources */ = {isa = PBXBuildFile; fileRef = 57B3332B1DBBF7B3004739C6 /* IQTextView.swift */; };
		57B3333F1DBBF7B3004739C6 /* IQBarButtonItem.swift in Sources */ = {isa = PBXBuildFile; fileRef = 57B3332D1DBBF7B3004739C6 /* IQBarButtonItem.swift */; };
		57B333401DBBF7B3004739C6 /* IQPreviousNextView.swift in Sources */ = {isa = PBXBuildFile; fileRef = 57B3332E1DBBF7B3004739C6 /* IQPreviousNextView.swift */; };
		57B333411DBBF7B3004739C6 /* IQTitleBarButtonItem.swift in Sources */ = {isa = PBXBuildFile; fileRef = 57B3332F1DBBF7B3004739C6 /* IQTitleBarButtonItem.swift */; };
		57B333421DBBF7B3004739C6 /* IQToolbar.swift in Sources */ = {isa = PBXBuildFile; fileRef = 57B333301DBBF7B3004739C6 /* IQToolbar.swift */; };
		57B333431DBBF7B3004739C6 /* IQUIView+IQKeyboardToolbar.swift in Sources */ = {isa = PBXBuildFile; fileRef = 57B333311DBBF7B3004739C6 /* IQUIView+IQKeyboardToolbar.swift */; };
		57B333441DBBF7B3004739C6 /* IQKeyboardManager.bundle in Resources */ = {isa = PBXBuildFile; fileRef = 57B333331DBBF7B3004739C6 /* IQKeyboardManager.bundle */; };
		57B333461DBBF7CC004739C6 /* LoginViewController.swift in Sources */ = {isa = PBXBuildFile; fileRef = 57B333451DBBF7CC004739C6 /* LoginViewController.swift */; };
		57B333481DBBF7FC004739C6 /* MenuLauncher.swift in Sources */ = {isa = PBXBuildFile; fileRef = 57B333471DBBF7FC004739C6 /* MenuLauncher.swift */; };
		57B3334A1DBBF832004739C6 /* RegisterViewController.swift in Sources */ = {isa = PBXBuildFile; fileRef = 57B333491DBBF832004739C6 /* RegisterViewController.swift */; };
		57B3334C1DBBF86A004739C6 /* SegmentController.swift in Sources */ = {isa = PBXBuildFile; fileRef = 57B3334B1DBBF86A004739C6 /* SegmentController.swift */; };
		57B333501DBBF8A8004739C6 /* FXBlurView.m in Sources */ = {isa = PBXBuildFile; fileRef = 57B3334F1DBBF8A8004739C6 /* FXBlurView.m */; };
/* End PBXBuildFile section */

/* Begin PBXContainerItemProxy section */
		57B332FC1DBBF65A004739C6 /* PBXContainerItemProxy */ = {
			isa = PBXContainerItemProxy;
			containerPortal = 57B332DC1DBBF65A004739C6 /* Project object */;
			proxyType = 1;
			remoteGlobalIDString = 57B332E31DBBF65A004739C6;
			remoteInfo = Tripod;
		};
		57B333071DBBF65A004739C6 /* PBXContainerItemProxy */ = {
			isa = PBXContainerItemProxy;
			containerPortal = 57B332DC1DBBF65A004739C6 /* Project object */;
			proxyType = 1;
			remoteGlobalIDString = 57B332E31DBBF65A004739C6;
			remoteInfo = Tripod;
		};
/* End PBXContainerItemProxy section */

/* Begin PBXFileReference section */
		57B332E41DBBF65A004739C6 /* Tripod.app */ = {isa = PBXFileReference; explicitFileType = wrapper.application; includeInIndex = 0; path = Tripod.app; sourceTree = BUILT_PRODUCTS_DIR; };
		57B332E71DBBF65A004739C6 /* AppDelegate.swift */ = {isa = PBXFileReference; lastKnownFileType = sourcecode.swift; path = AppDelegate.swift; sourceTree = "<group>"; };
		57B332E91DBBF65A004739C6 /* FeedViewController.swift */ = {isa = PBXFileReference; lastKnownFileType = sourcecode.swift; path = FeedViewController.swift; sourceTree = "<group>"; };
		57B332EC1DBBF65A004739C6 /* Base */ = {isa = PBXFileReference; lastKnownFileType = file.storyboard; name = Base; path = Base.lproj/Main.storyboard; sourceTree = "<group>"; };
		57B332EF1DBBF65A004739C6 /* Tripod.xcdatamodel */ = {isa = PBXFileReference; lastKnownFileType = wrapper.xcdatamodel; path = Tripod.xcdatamodel; sourceTree = "<group>"; };
		57B332F11DBBF65A004739C6 /* Assets.xcassets */ = {isa = PBXFileReference; lastKnownFileType = folder.assetcatalog; path = Assets.xcassets; sourceTree = "<group>"; };
		57B332F41DBBF65A004739C6 /* Base */ = {isa = PBXFileReference; lastKnownFileType = file.storyboard; name = Base; path = Base.lproj/LaunchScreen.storyboard; sourceTree = "<group>"; };
		57B332F61DBBF65A004739C6 /* Info.plist */ = {isa = PBXFileReference; lastKnownFileType = text.plist.xml; path = Info.plist; sourceTree = "<group>"; };
		57B332FB1DBBF65A004739C6 /* TripodTests.xctest */ = {isa = PBXFileReference; explicitFileType = wrapper.cfbundle; includeInIndex = 0; path = TripodTests.xctest; sourceTree = BUILT_PRODUCTS_DIR; };
		57B332FF1DBBF65A004739C6 /* TripodTests.swift */ = {isa = PBXFileReference; lastKnownFileType = sourcecode.swift; path = TripodTests.swift; sourceTree = "<group>"; };
		57B333011DBBF65A004739C6 /* Info.plist */ = {isa = PBXFileReference; lastKnownFileType = text.plist.xml; path = Info.plist; sourceTree = "<group>"; };
		57B333061DBBF65A004739C6 /* TripodUITests.xctest */ = {isa = PBXFileReference; explicitFileType = wrapper.cfbundle; includeInIndex = 0; path = TripodUITests.xctest; sourceTree = BUILT_PRODUCTS_DIR; };
		57B3330A1DBBF65A004739C6 /* TripodUITests.swift */ = {isa = PBXFileReference; lastKnownFileType = sourcecode.swift; path = TripodUITests.swift; sourceTree = "<group>"; };
		57B3330C1DBBF65A004739C6 /* Info.plist */ = {isa = PBXFileReference; lastKnownFileType = text.plist.xml; path = Info.plist; sourceTree = "<group>"; };
		57B333191DBBF6C7004739C6 /* Extensions.swift */ = {isa = PBXFileReference; fileEncoding = 4; lastKnownFileType = sourcecode.swift; path = Extensions.swift; sourceTree = "<group>"; };
		57B3331E1DBBF7B3004739C6 /* IQNSArray+Sort.swift */ = {isa = PBXFileReference; fileEncoding = 4; lastKnownFileType = sourcecode.swift; path = "IQNSArray+Sort.swift"; sourceTree = "<group>"; };
		57B3331F1DBBF7B3004739C6 /* IQUIScrollView+Additions.swift */ = {isa = PBXFileReference; fileEncoding = 4; lastKnownFileType = sourcecode.swift; path = "IQUIScrollView+Additions.swift"; sourceTree = "<group>"; };
		57B333201DBBF7B3004739C6 /* IQUITextFieldView+Additions.swift */ = {isa = PBXFileReference; fileEncoding = 4; lastKnownFileType = sourcecode.swift; path = "IQUITextFieldView+Additions.swift"; sourceTree = "<group>"; };
		57B333211DBBF7B3004739C6 /* IQUIView+Hierarchy.swift */ = {isa = PBXFileReference; fileEncoding = 4; lastKnownFileType = sourcecode.swift; path = "IQUIView+Hierarchy.swift"; sourceTree = "<group>"; };
		57B333221DBBF7B3004739C6 /* IQUIViewController+Additions.swift */ = {isa = PBXFileReference; fileEncoding = 4; lastKnownFileType = sourcecode.swift; path = "IQUIViewController+Additions.swift"; sourceTree = "<group>"; };
		57B333231DBBF7B3004739C6 /* IQUIWindow+Hierarchy.swift */ = {isa = PBXFileReference; fileEncoding = 4; lastKnownFileType = sourcecode.swift; path = "IQUIWindow+Hierarchy.swift"; sourceTree = "<group>"; };
		57B333251DBBF7B3004739C6 /* IQKeyboardManagerConstants.swift */ = {isa = PBXFileReference; fileEncoding = 4; lastKnownFileType = sourcecode.swift; path = IQKeyboardManagerConstants.swift; sourceTree = "<group>"; };
		57B333261DBBF7B3004739C6 /* IQKeyboardManagerConstantsInternal.swift */ = {isa = PBXFileReference; fileEncoding = 4; lastKnownFileType = sourcecode.swift; path = IQKeyboardManagerConstantsInternal.swift; sourceTree = "<group>"; };
		57B333271DBBF7B3004739C6 /* IQKeyboardManager.swift */ = {isa = PBXFileReference; fileEncoding = 4; lastKnownFileType = sourcecode.swift; path = IQKeyboardManager.swift; sourceTree = "<group>"; };
		57B333281DBBF7B3004739C6 /* IQKeyboardManagerSwift.h */ = {isa = PBXFileReference; fileEncoding = 4; lastKnownFileType = sourcecode.c.h; path = IQKeyboardManagerSwift.h; sourceTree = "<group>"; };
		57B333291DBBF7B3004739C6 /* IQKeyboardReturnKeyHandler.swift */ = {isa = PBXFileReference; fileEncoding = 4; lastKnownFileType = sourcecode.swift; path = IQKeyboardReturnKeyHandler.swift; sourceTree = "<group>"; };
		57B3332B1DBBF7B3004739C6 /* IQTextView.swift */ = {isa = PBXFileReference; fileEncoding = 4; lastKnownFileType = sourcecode.swift; path = IQTextView.swift; sourceTree = "<group>"; };
		57B3332D1DBBF7B3004739C6 /* IQBarButtonItem.swift */ = {isa = PBXFileReference; fileEncoding = 4; lastKnownFileType = sourcecode.swift; path = IQBarButtonItem.swift; sourceTree = "<group>"; };
		57B3332E1DBBF7B3004739C6 /* IQPreviousNextView.swift */ = {isa = PBXFileReference; fileEncoding = 4; lastKnownFileType = sourcecode.swift; path = IQPreviousNextView.swift; sourceTree = "<group>"; };
		57B3332F1DBBF7B3004739C6 /* IQTitleBarButtonItem.swift */ = {isa = PBXFileReference; fileEncoding = 4; lastKnownFileType = sourcecode.swift; path = IQTitleBarButtonItem.swift; sourceTree = "<group>"; };
		57B333301DBBF7B3004739C6 /* IQToolbar.swift */ = {isa = PBXFileReference; fileEncoding = 4; lastKnownFileType = sourcecode.swift; path = IQToolbar.swift; sourceTree = "<group>"; };
		57B333311DBBF7B3004739C6 /* IQUIView+IQKeyboardToolbar.swift */ = {isa = PBXFileReference; fileEncoding = 4; lastKnownFileType = sourcecode.swift; path = "IQUIView+IQKeyboardToolbar.swift"; sourceTree = "<group>"; };
		57B333331DBBF7B3004739C6 /* IQKeyboardManager.bundle */ = {isa = PBXFileReference; lastKnownFileType = "wrapper.plug-in"; path = IQKeyboardManager.bundle; sourceTree = "<group>"; };
		57B333451DBBF7CC004739C6 /* LoginViewController.swift */ = {isa = PBXFileReference; fileEncoding = 4; lastKnownFileType = sourcecode.swift; path = LoginViewController.swift; sourceTree = "<group>"; };
		57B333471DBBF7FC004739C6 /* MenuLauncher.swift */ = {isa = PBXFileReference; fileEncoding = 4; lastKnownFileType = sourcecode.swift; path = MenuLauncher.swift; sourceTree = "<group>"; };
		57B333491DBBF832004739C6 /* RegisterViewController.swift */ = {isa = PBXFileReference; fileEncoding = 4; lastKnownFileType = sourcecode.swift; path = RegisterViewController.swift; sourceTree = "<group>"; };
		57B3334B1DBBF86A004739C6 /* SegmentController.swift */ = {isa = PBXFileReference; fileEncoding = 4; lastKnownFileType = sourcecode.swift; path = SegmentController.swift; sourceTree = "<group>"; };
		57B3334D1DBBF8A8004739C6 /* Tripod-Bridging-Header.h */ = {isa = PBXFileReference; lastKnownFileType = sourcecode.c.h; name = "Tripod-Bridging-Header.h"; path = "Tripod/Tripod-Bridging-Header.h"; sourceTree = "<group>"; };
		57B3334E1DBBF8A8004739C6 /* FXBlurView.h */ = {isa = PBXFileReference; fileEncoding = 4; lastKnownFileType = sourcecode.c.h; name = FXBlurView.h; path = Tripod/FXBlurView.h; sourceTree = "<group>"; };
		57B3334F1DBBF8A8004739C6 /* FXBlurView.m */ = {isa = PBXFileReference; fileEncoding = 4; lastKnownFileType = sourcecode.c.objc; name = FXBlurView.m; path = Tripod/FXBlurView.m; sourceTree = "<group>"; };
/* End PBXFileReference section */

/* Begin PBXFrameworksBuildPhase section */
		57B332E11DBBF65A004739C6 /* Frameworks */ = {
			isa = PBXFrameworksBuildPhase;
			buildActionMask = 2147483647;
			files = (
			);
			runOnlyForDeploymentPostprocessing = 0;
		};
		57B332F81DBBF65A004739C6 /* Frameworks */ = {
			isa = PBXFrameworksBuildPhase;
			buildActionMask = 2147483647;
			files = (
			);
			runOnlyForDeploymentPostprocessing = 0;
		};
		57B333031DBBF65A004739C6 /* Frameworks */ = {
			isa = PBXFrameworksBuildPhase;
			buildActionMask = 2147483647;
			files = (
			);
			runOnlyForDeploymentPostprocessing = 0;
		};
/* End PBXFrameworksBuildPhase section */

/* Begin PBXGroup section */
		57B332DB1DBBF65A004739C6 = {
			isa = PBXGroup;
			children = (
				57B332E61DBBF65A004739C6 /* Tripod */,
				57B332FE1DBBF65A004739C6 /* TripodTests */,
				57B333091DBBF65A004739C6 /* TripodUITests */,
				57B332E51DBBF65A004739C6 /* Products */,
			);
			sourceTree = "<group>";
		};
		57B332E51DBBF65A004739C6 /* Products */ = {
			isa = PBXGroup;
			children = (
				57B332E41DBBF65A004739C6 /* Tripod.app */,
				57B332FB1DBBF65A004739C6 /* TripodTests.xctest */,
				57B333061DBBF65A004739C6 /* TripodUITests.xctest */,
			);
			name = Products;
			sourceTree = "<group>";
		};
		57B332E61DBBF65A004739C6 /* Tripod */ = {
			isa = PBXGroup;
			children = (
				57B332E71DBBF65A004739C6 /* AppDelegate.swift */,
				57B3331C1DBBF7B3004739C6 /* IQKeyboardManagerSwift */,
				57B333511DBBF92A004739C6 /* View */,
				57B3331B1DBBF787004739C6 /* Controllers */,
				57B333181DBBF695004739C6 /* Helpers */,
				57B332F11DBBF65A004739C6 /* Assets.xcassets */,
				57B332EB1DBBF65A004739C6 /* Main.storyboard */,
				57B332F31DBBF65A004739C6 /* LaunchScreen.storyboard */,
				57B332F61DBBF65A004739C6 /* Info.plist */,
				57B332EE1DBBF65A004739C6 /* Tripod.xcdatamodeld */,
			);
			path = Tripod;
			sourceTree = "<group>";
		};
		57B332FE1DBBF65A004739C6 /* TripodTests */ = {
			isa = PBXGroup;
			children = (
				57B332FF1DBBF65A004739C6 /* TripodTests.swift */,
				57B333011DBBF65A004739C6 /* Info.plist */,
			);
			path = TripodTests;
			sourceTree = "<group>";
		};
		57B333091DBBF65A004739C6 /* TripodUITests */ = {
			isa = PBXGroup;
			children = (
				57B3330A1DBBF65A004739C6 /* TripodUITests.swift */,
				57B3330C1DBBF65A004739C6 /* Info.plist */,
			);
			path = TripodUITests;
			sourceTree = "<group>";
		};
		57B333181DBBF695004739C6 /* Helpers */ = {
			isa = PBXGroup;
			children = (
				57B3334E1DBBF8A8004739C6 /* FXBlurView.h */,
				57B3334F1DBBF8A8004739C6 /* FXBlurView.m */,
				57B3334D1DBBF8A8004739C6 /* Tripod-Bridging-Header.h */,
				57B333191DBBF6C7004739C6 /* Extensions.swift */,
			);
			name = Helpers;
			path = ..;
			sourceTree = "<group>";
		};
		57B3331B1DBBF787004739C6 /* Controllers */ = {
			isa = PBXGroup;
			children = (
				57B333491DBBF832004739C6 /* RegisterViewController.swift */,
				57B333451DBBF7CC004739C6 /* LoginViewController.swift */,
				57B332E91DBBF65A004739C6 /* FeedViewController.swift */,
				57B333471DBBF7FC004739C6 /* MenuLauncher.swift */,
			);
			name = Controllers;
			sourceTree = "<group>";
		};
		57B3331C1DBBF7B3004739C6 /* IQKeyboardManagerSwift */ = {
			isa = PBXGroup;
			children = (
				57B3331D1DBBF7B3004739C6 /* Categories */,
				57B333241DBBF7B3004739C6 /* Constants */,
				57B333271DBBF7B3004739C6 /* IQKeyboardManager.swift */,
				57B333281DBBF7B3004739C6 /* IQKeyboardManagerSwift.h */,
				57B333291DBBF7B3004739C6 /* IQKeyboardReturnKeyHandler.swift */,
				57B3332A1DBBF7B3004739C6 /* IQTextView */,
				57B3332C1DBBF7B3004739C6 /* IQToolbar */,
				57B333321DBBF7B3004739C6 /* Resources */,
			);
			path = IQKeyboardManagerSwift;
			sourceTree = "<group>";
		};
		57B3331D1DBBF7B3004739C6 /* Categories */ = {
			isa = PBXGroup;
			children = (
				57B3331E1DBBF7B3004739C6 /* IQNSArray+Sort.swift */,
				57B3331F1DBBF7B3004739C6 /* IQUIScrollView+Additions.swift */,
				57B333201DBBF7B3004739C6 /* IQUITextFieldView+Additions.swift */,
				57B333211DBBF7B3004739C6 /* IQUIView+Hierarchy.swift */,
				57B333221DBBF7B3004739C6 /* IQUIViewController+Additions.swift */,
				57B333231DBBF7B3004739C6 /* IQUIWindow+Hierarchy.swift */,
			);
			path = Categories;
			sourceTree = "<group>";
		};
		57B333241DBBF7B3004739C6 /* Constants */ = {
			isa = PBXGroup;
			children = (
				57B333251DBBF7B3004739C6 /* IQKeyboardManagerConstants.swift */,
				57B333261DBBF7B3004739C6 /* IQKeyboardManagerConstantsInternal.swift */,
			);
			path = Constants;
			sourceTree = "<group>";
		};
		57B3332A1DBBF7B3004739C6 /* IQTextView */ = {
			isa = PBXGroup;
			children = (
				57B3332B1DBBF7B3004739C6 /* IQTextView.swift */,
			);
			path = IQTextView;
			sourceTree = "<group>";
		};
		57B3332C1DBBF7B3004739C6 /* IQToolbar */ = {
			isa = PBXGroup;
			children = (
				57B3332D1DBBF7B3004739C6 /* IQBarButtonItem.swift */,
				57B3332E1DBBF7B3004739C6 /* IQPreviousNextView.swift */,
				57B3332F1DBBF7B3004739C6 /* IQTitleBarButtonItem.swift */,
				57B333301DBBF7B3004739C6 /* IQToolbar.swift */,
				57B333311DBBF7B3004739C6 /* IQUIView+IQKeyboardToolbar.swift */,
			);
			path = IQToolbar;
			sourceTree = "<group>";
		};
		57B333321DBBF7B3004739C6 /* Resources */ = {
			isa = PBXGroup;
			children = (
				57B333331DBBF7B3004739C6 /* IQKeyboardManager.bundle */,
			);
			path = Resources;
			sourceTree = "<group>";
		};
		57B333511DBBF92A004739C6 /* View */ = {
			isa = PBXGroup;
			children = (
				57B3334B1DBBF86A004739C6 /* SegmentController.swift */,
			);
			name = View;
			sourceTree = "<group>";
		};
/* End PBXGroup section */

/* Begin PBXNativeTarget section */
		57B332E31DBBF65A004739C6 /* Tripod */ = {
			isa = PBXNativeTarget;
			buildConfigurationList = 57B3330F1DBBF65A004739C6 /* Build configuration list for PBXNativeTarget "Tripod" */;
			buildPhases = (
				57B332E01DBBF65A004739C6 /* Sources */,
				57B332E11DBBF65A004739C6 /* Frameworks */,
				57B332E21DBBF65A004739C6 /* Resources */,
			);
			buildRules = (
			);
			dependencies = (
			);
			name = Tripod;
			productName = Tripod;
			productReference = 57B332E41DBBF65A004739C6 /* Tripod.app */;
			productType = "com.apple.product-type.application";
		};
		57B332FA1DBBF65A004739C6 /* TripodTests */ = {
			isa = PBXNativeTarget;
			buildConfigurationList = 57B333121DBBF65A004739C6 /* Build configuration list for PBXNativeTarget "TripodTests" */;
			buildPhases = (
				57B332F71DBBF65A004739C6 /* Sources */,
				57B332F81DBBF65A004739C6 /* Frameworks */,
				57B332F91DBBF65A004739C6 /* Resources */,
			);
			buildRules = (
			);
			dependencies = (
				57B332FD1DBBF65A004739C6 /* PBXTargetDependency */,
			);
			name = TripodTests;
			productName = TripodTests;
			productReference = 57B332FB1DBBF65A004739C6 /* TripodTests.xctest */;
			productType = "com.apple.product-type.bundle.unit-test";
		};
		57B333051DBBF65A004739C6 /* TripodUITests */ = {
			isa = PBXNativeTarget;
			buildConfigurationList = 57B333151DBBF65A004739C6 /* Build configuration list for PBXNativeTarget "TripodUITests" */;
			buildPhases = (
				57B333021DBBF65A004739C6 /* Sources */,
				57B333031DBBF65A004739C6 /* Frameworks */,
				57B333041DBBF65A004739C6 /* Resources */,
			);
			buildRules = (
			);
			dependencies = (
				57B333081DBBF65A004739C6 /* PBXTargetDependency */,
			);
			name = TripodUITests;
			productName = TripodUITests;
			productReference = 57B333061DBBF65A004739C6 /* TripodUITests.xctest */;
			productType = "com.apple.product-type.bundle.ui-testing";
		};
/* End PBXNativeTarget section */

/* Begin PBXProject section */
		57B332DC1DBBF65A004739C6 /* Project object */ = {
			isa = PBXProject;
			attributes = {
				LastSwiftUpdateCheck = 0800;
				LastUpgradeCheck = 0800;
				ORGANIZATIONNAME = "Yevhenii Veretennikov";
				TargetAttributes = {
					57B332E31DBBF65A004739C6 = {
						CreatedOnToolsVersion = 8.0;
						DevelopmentTeam = 4G7Y533BQE;
						LastSwiftMigration = 0800;
						ProvisioningStyle = Automatic;
					};
					57B332FA1DBBF65A004739C6 = {
						CreatedOnToolsVersion = 8.0;
						DevelopmentTeam = 4G7Y533BQE;
						ProvisioningStyle = Automatic;
						TestTargetID = 57B332E31DBBF65A004739C6;
					};
					57B333051DBBF65A004739C6 = {
						CreatedOnToolsVersion = 8.0;
						DevelopmentTeam = 4G7Y533BQE;
						ProvisioningStyle = Automatic;
						TestTargetID = 57B332E31DBBF65A004739C6;
					};
				};
			};
			buildConfigurationList = 57B332DF1DBBF65A004739C6 /* Build configuration list for PBXProject "Tripod" */;
			compatibilityVersion = "Xcode 3.2";
			developmentRegion = English;
			hasScannedForEncodings = 0;
			knownRegions = (
				en,
				Base,
			);
			mainGroup = 57B332DB1DBBF65A004739C6;
			productRefGroup = 57B332E51DBBF65A004739C6 /* Products */;
			projectDirPath = "";
			projectRoot = "";
			targets = (
				57B332E31DBBF65A004739C6 /* Tripod */,
				57B332FA1DBBF65A004739C6 /* TripodTests */,
				57B333051DBBF65A004739C6 /* TripodUITests */,
			);
		};
/* End PBXProject section */

/* Begin PBXResourcesBuildPhase section */
		57B332E21DBBF65A004739C6 /* Resources */ = {
			isa = PBXResourcesBuildPhase;
			buildActionMask = 2147483647;
			files = (
				57B332F51DBBF65A004739C6 /* LaunchScreen.storyboard in Resources */,
				57B332F21DBBF65A004739C6 /* Assets.xcassets in Resources */,
				57B333441DBBF7B3004739C6 /* IQKeyboardManager.bundle in Resources */,
				57B332ED1DBBF65A004739C6 /* Main.storyboard in Resources */,
			);
			runOnlyForDeploymentPostprocessing = 0;
		};
		57B332F91DBBF65A004739C6 /* Resources */ = {
			isa = PBXResourcesBuildPhase;
			buildActionMask = 2147483647;
			files = (
			);
			runOnlyForDeploymentPostprocessing = 0;
		};
		57B333041DBBF65A004739C6 /* Resources */ = {
			isa = PBXResourcesBuildPhase;
			buildActionMask = 2147483647;
			files = (
			);
			runOnlyForDeploymentPostprocessing = 0;
		};
/* End PBXResourcesBuildPhase section */

/* Begin PBXSourcesBuildPhase section */
		57B332E01DBBF65A004739C6 /* Sources */ = {
			isa = PBXSourcesBuildPhase;
			buildActionMask = 2147483647;
			files = (
				57B333461DBBF7CC004739C6 /* LoginViewController.swift in Sources */,
				57B333371DBBF7B3004739C6 /* IQUIView+Hierarchy.swift in Sources */,
				57B3333A1DBBF7B3004739C6 /* IQKeyboardManagerConstants.swift in Sources */,
				57B333421DBBF7B3004739C6 /* IQToolbar.swift in Sources */,
				57B3333D1DBBF7B3004739C6 /* IQKeyboardReturnKeyHandler.swift in Sources */,
				57B332F01DBBF65A004739C6 /* Tripod.xcdatamodeld in Sources */,
				57B333341DBBF7B3004739C6 /* IQNSArray+Sort.swift in Sources */,
				57B3333E1DBBF7B3004739C6 /* IQTextView.swift in Sources */,
				57B3333C1DBBF7B3004739C6 /* IQKeyboardManager.swift in Sources */,
				57B333381DBBF7B3004739C6 /* IQUIViewController+Additions.swift in Sources */,
				57B332EA1DBBF65A004739C6 /* FeedViewController.swift in Sources */,
				57B333411DBBF7B3004739C6 /* IQTitleBarButtonItem.swift in Sources */,
				57B333501DBBF8A8004739C6 /* FXBlurView.m in Sources */,
				57B333391DBBF7B3004739C6 /* IQUIWindow+Hierarchy.swift in Sources */,
				57B3333F1DBBF7B3004739C6 /* IQBarButtonItem.swift in Sources */,
				57B3334A1DBBF832004739C6 /* RegisterViewController.swift in Sources */,
				57B332E81DBBF65A004739C6 /* AppDelegate.swift in Sources */,
				57B3331A1DBBF6C7004739C6 /* Extensions.swift in Sources */,
				57B3334C1DBBF86A004739C6 /* SegmentController.swift in Sources */,
				57B333361DBBF7B3004739C6 /* IQUITextFieldView+Additions.swift in Sources */,
				57B333351DBBF7B3004739C6 /* IQUIScrollView+Additions.swift in Sources */,
				57B333481DBBF7FC004739C6 /* MenuLauncher.swift in Sources */,
				57B333401DBBF7B3004739C6 /* IQPreviousNextView.swift in Sources */,
				57B333431DBBF7B3004739C6 /* IQUIView+IQKeyboardToolbar.swift in Sources */,
				57B3333B1DBBF7B3004739C6 /* IQKeyboardManagerConstantsInternal.swift in Sources */,
			);
			runOnlyForDeploymentPostprocessing = 0;
		};
		57B332F71DBBF65A004739C6 /* Sources */ = {
			isa = PBXSourcesBuildPhase;
			buildActionMask = 2147483647;
			files = (
				57B333001DBBF65A004739C6 /* TripodTests.swift in Sources */,
			);
			runOnlyForDeploymentPostprocessing = 0;
		};
		57B333021DBBF65A004739C6 /* Sources */ = {
			isa = PBXSourcesBuildPhase;
			buildActionMask = 2147483647;
			files = (
				57B3330B1DBBF65A004739C6 /* TripodUITests.swift in Sources */,
			);
			runOnlyForDeploymentPostprocessing = 0;
		};
/* End PBXSourcesBuildPhase section */

/* Begin PBXTargetDependency section */
		57B332FD1DBBF65A004739C6 /* PBXTargetDependency */ = {
			isa = PBXTargetDependency;
			target = 57B332E31DBBF65A004739C6 /* Tripod */;
			targetProxy = 57B332FC1DBBF65A004739C6 /* PBXContainerItemProxy */;
		};
		57B333081DBBF65A004739C6 /* PBXTargetDependency */ = {
			isa = PBXTargetDependency;
			target = 57B332E31DBBF65A004739C6 /* Tripod */;
			targetProxy = 57B333071DBBF65A004739C6 /* PBXContainerItemProxy */;
		};
/* End PBXTargetDependency section */

/* Begin PBXVariantGroup section */
		57B332EB1DBBF65A004739C6 /* Main.storyboard */ = {
			isa = PBXVariantGroup;
			children = (
				57B332EC1DBBF65A004739C6 /* Base */,
			);
			name = Main.storyboard;
			sourceTree = "<group>";
		};
		57B332F31DBBF65A004739C6 /* LaunchScreen.storyboard */ = {
			isa = PBXVariantGroup;
			children = (
				57B332F41DBBF65A004739C6 /* Base */,
			);
			name = LaunchScreen.storyboard;
			sourceTree = "<group>";
		};
/* End PBXVariantGroup section */

/* Begin XCBuildConfiguration section */
		57B3330D1DBBF65A004739C6 /* Debug */ = {
			isa = XCBuildConfiguration;
			buildSettings = {
				ALWAYS_SEARCH_USER_PATHS = NO;
				CLANG_ANALYZER_NONNULL = YES;
				CLANG_CXX_LANGUAGE_STANDARD = "gnu++0x";
				CLANG_CXX_LIBRARY = "libc++";
				CLANG_ENABLE_MODULES = YES;
				CLANG_ENABLE_OBJC_ARC = YES;
				CLANG_WARN_BOOL_CONVERSION = YES;
				CLANG_WARN_CONSTANT_CONVERSION = YES;
				CLANG_WARN_DIRECT_OBJC_ISA_USAGE = YES_ERROR;
				CLANG_WARN_DOCUMENTATION_COMMENTS = YES;
				CLANG_WARN_EMPTY_BODY = YES;
				CLANG_WARN_ENUM_CONVERSION = YES;
				CLANG_WARN_INFINITE_RECURSION = YES;
				CLANG_WARN_INT_CONVERSION = YES;
				CLANG_WARN_OBJC_ROOT_CLASS = YES_ERROR;
				CLANG_WARN_SUSPICIOUS_MOVES = YES;
				CLANG_WARN_UNREACHABLE_CODE = YES;
				CLANG_WARN__DUPLICATE_METHOD_MATCH = YES;
				"CODE_SIGN_IDENTITY[sdk=iphoneos*]" = "iPhone Developer";
				COPY_PHASE_STRIP = NO;
				DEBUG_INFORMATION_FORMAT = dwarf;
				ENABLE_STRICT_OBJC_MSGSEND = YES;
				ENABLE_TESTABILITY = YES;
				GCC_C_LANGUAGE_STANDARD = gnu99;
				GCC_DYNAMIC_NO_PIC = NO;
				GCC_NO_COMMON_BLOCKS = YES;
				GCC_OPTIMIZATION_LEVEL = 0;
				GCC_PREPROCESSOR_DEFINITIONS = (
					"DEBUG=1",
					"$(inherited)",
				);
				GCC_WARN_64_TO_32_BIT_CONVERSION = YES;
				GCC_WARN_ABOUT_RETURN_TYPE = YES_ERROR;
				GCC_WARN_UNDECLARED_SELECTOR = YES;
				GCC_WARN_UNINITIALIZED_AUTOS = YES_AGGRESSIVE;
				GCC_WARN_UNUSED_FUNCTION = YES;
				GCC_WARN_UNUSED_VARIABLE = YES;
				IPHONEOS_DEPLOYMENT_TARGET = 10.0;
				MTL_ENABLE_DEBUG_INFO = YES;
				ONLY_ACTIVE_ARCH = YES;
				SDKROOT = iphoneos;
				SWIFT_ACTIVE_COMPILATION_CONDITIONS = DEBUG;
				SWIFT_OPTIMIZATION_LEVEL = "-Onone";
				TARGETED_DEVICE_FAMILY = "1,2";
			};
			name = Debug;
		};
		57B3330E1DBBF65A004739C6 /* Release */ = {
			isa = XCBuildConfiguration;
			buildSettings = {
				ALWAYS_SEARCH_USER_PATHS = NO;
				CLANG_ANALYZER_NONNULL = YES;
				CLANG_CXX_LANGUAGE_STANDARD = "gnu++0x";
				CLANG_CXX_LIBRARY = "libc++";
				CLANG_ENABLE_MODULES = YES;
				CLANG_ENABLE_OBJC_ARC = YES;
				CLANG_WARN_BOOL_CONVERSION = YES;
				CLANG_WARN_CONSTANT_CONVERSION = YES;
				CLANG_WARN_DIRECT_OBJC_ISA_USAGE = YES_ERROR;
				CLANG_WARN_DOCUMENTATION_COMMENTS = YES;
				CLANG_WARN_EMPTY_BODY = YES;
				CLANG_WARN_ENUM_CONVERSION = YES;
				CLANG_WARN_INFINITE_RECURSION = YES;
				CLANG_WARN_INT_CONVERSION = YES;
				CLANG_WARN_OBJC_ROOT_CLASS = YES_ERROR;
				CLANG_WARN_SUSPICIOUS_MOVES = YES;
				CLANG_WARN_UNREACHABLE_CODE = YES;
				CLANG_WARN__DUPLICATE_METHOD_MATCH = YES;
				"CODE_SIGN_IDENTITY[sdk=iphoneos*]" = "iPhone Developer";
				COPY_PHASE_STRIP = NO;
				DEBUG_INFORMATION_FORMAT = "dwarf-with-dsym";
				ENABLE_NS_ASSERTIONS = NO;
				ENABLE_STRICT_OBJC_MSGSEND = YES;
				GCC_C_LANGUAGE_STANDARD = gnu99;
				GCC_NO_COMMON_BLOCKS = YES;
				GCC_WARN_64_TO_32_BIT_CONVERSION = YES;
				GCC_WARN_ABOUT_RETURN_TYPE = YES_ERROR;
				GCC_WARN_UNDECLARED_SELECTOR = YES;
				GCC_WARN_UNINITIALIZED_AUTOS = YES_AGGRESSIVE;
				GCC_WARN_UNUSED_FUNCTION = YES;
				GCC_WARN_UNUSED_VARIABLE = YES;
				IPHONEOS_DEPLOYMENT_TARGET = 10.0;
				MTL_ENABLE_DEBUG_INFO = NO;
				SDKROOT = iphoneos;
				SWIFT_OPTIMIZATION_LEVEL = "-Owholemodule";
				TARGETED_DEVICE_FAMILY = "1,2";
				VALIDATE_PRODUCT = YES;
			};
			name = Release;
		};
		57B333101DBBF65A004739C6 /* Debug */ = {
			isa = XCBuildConfiguration;
			buildSettings = {
				ASSETCATALOG_COMPILER_APPICON_NAME = AppIcon;
				CLANG_ENABLE_MODULES = YES;
				DEVELOPMENT_TEAM = 4G7Y533BQE;
				INFOPLIST_FILE = Tripod/Info.plist;
				LD_RUNPATH_SEARCH_PATHS = "$(inherited) @executable_path/Frameworks";
				PRODUCT_BUNDLE_IDENTIFIER = com.gmail.shadberrow.Tripod;
				PRODUCT_NAME = "$(TARGET_NAME)";
				SWIFT_OBJC_BRIDGING_HEADER = "Tripod/Tripod-Bridging-Header.h";
				SWIFT_OPTIMIZATION_LEVEL = "-Onone";
				SWIFT_VERSION = 3.0;
			};
			name = Debug;
		};
		57B333111DBBF65A004739C6 /* Release */ = {
			isa = XCBuildConfiguration;
			buildSettings = {
				ASSETCATALOG_COMPILER_APPICON_NAME = AppIcon;
				CLANG_ENABLE_MODULES = YES;
				DEVELOPMENT_TEAM = 4G7Y533BQE;
				INFOPLIST_FILE = Tripod/Info.plist;
				LD_RUNPATH_SEARCH_PATHS = "$(inherited) @executable_path/Frameworks";
				PRODUCT_BUNDLE_IDENTIFIER = com.gmail.shadberrow.Tripod;
				PRODUCT_NAME = "$(TARGET_NAME)";
				SWIFT_OBJC_BRIDGING_HEADER = "Tripod/Tripod-Bridging-Header.h";
				SWIFT_VERSION = 3.0;
			};
			name = Release;
		};
		57B333131DBBF65A004739C6 /* Debug */ = {
			isa = XCBuildConfiguration;
			buildSettings = {
				ALWAYS_EMBED_SWIFT_STANDARD_LIBRARIES = YES;
				BUNDLE_LOADER = "$(TEST_HOST)";
				DEVELOPMENT_TEAM = 4G7Y533BQE;
				INFOPLIST_FILE = TripodTests/Info.plist;
				LD_RUNPATH_SEARCH_PATHS = "$(inherited) @executable_path/Frameworks @loader_path/Frameworks";
				PRODUCT_BUNDLE_IDENTIFIER = com.gmail.shadberrow.TripodTests;
				PRODUCT_NAME = "$(TARGET_NAME)";
				SWIFT_VERSION = 3.0;
				TEST_HOST = "$(BUILT_PRODUCTS_DIR)/Tripod.app/Tripod";
			};
			name = Debug;
		};
		57B333141DBBF65A004739C6 /* Release */ = {
			isa = XCBuildConfiguration;
			buildSettings = {
				ALWAYS_EMBED_SWIFT_STANDARD_LIBRARIES = YES;
				BUNDLE_LOADER = "$(TEST_HOST)";
				DEVELOPMENT_TEAM = 4G7Y533BQE;
				INFOPLIST_FILE = TripodTests/Info.plist;
				LD_RUNPATH_SEARCH_PATHS = "$(inherited) @executable_path/Frameworks @loader_path/Frameworks";
				PRODUCT_BUNDLE_IDENTIFIER = com.gmail.shadberrow.TripodTests;
				PRODUCT_NAME = "$(TARGET_NAME)";
				SWIFT_VERSION = 3.0;
				TEST_HOST = "$(BUILT_PRODUCTS_DIR)/Tripod.app/Tripod";
			};
			name = Release;
		};
		57B333161DBBF65A004739C6 /* Debug */ = {
			isa = XCBuildConfiguration;
			buildSettings = {
				ALWAYS_EMBED_SWIFT_STANDARD_LIBRARIES = YES;
				DEVELOPMENT_TEAM = 4G7Y533BQE;
				INFOPLIST_FILE = TripodUITests/Info.plist;
				LD_RUNPATH_SEARCH_PATHS = "$(inherited) @executable_path/Frameworks @loader_path/Frameworks";
				PRODUCT_BUNDLE_IDENTIFIER = com.gmail.shadberrow.TripodUITests;
				PRODUCT_NAME = "$(TARGET_NAME)";
				SWIFT_VERSION = 3.0;
				TEST_TARGET_NAME = Tripod;
			};
			name = Debug;
		};
		57B333171DBBF65A004739C6 /* Release */ = {
			isa = XCBuildConfiguration;
			buildSettings = {
				ALWAYS_EMBED_SWIFT_STANDARD_LIBRARIES = YES;
				DEVELOPMENT_TEAM = 4G7Y533BQE;
				INFOPLIST_FILE = TripodUITests/Info.plist;
				LD_RUNPATH_SEARCH_PATHS = "$(inherited) @executable_path/Frameworks @loader_path/Frameworks";
				PRODUCT_BUNDLE_IDENTIFIER = com.gmail.shadberrow.TripodUITests;
				PRODUCT_NAME = "$(TARGET_NAME)";
				SWIFT_VERSION = 3.0;
				TEST_TARGET_NAME = Tripod;
			};
			name = Release;
		};
/* End XCBuildConfiguration section */

/* Begin XCConfigurationList section */
		57B332DF1DBBF65A004739C6 /* Build configuration list for PBXProject "Tripod" */ = {
			isa = XCConfigurationList;
			buildConfigurations = (
				57B3330D1DBBF65A004739C6 /* Debug */,
				57B3330E1DBBF65A004739C6 /* Release */,
			);
			defaultConfigurationIsVisible = 0;
			defaultConfigurationName = Release;
		};
		57B3330F1DBBF65A004739C6 /* Build configuration list for PBXNativeTarget "Tripod" */ = {
			isa = XCConfigurationList;
			buildConfigurations = (
				57B333101DBBF65A004739C6 /* Debug */,
				57B333111DBBF65A004739C6 /* Release */,
			);
			defaultConfigurationIsVisible = 0;
		};
		57B333121DBBF65A004739C6 /* Build configuration list for PBXNativeTarget "TripodTests" */ = {
			isa = XCConfigurationList;
			buildConfigurations = (
				57B333131DBBF65A004739C6 /* Debug */,
				57B333141DBBF65A004739C6 /* Release */,
			);
			defaultConfigurationIsVisible = 0;
		};
		57B333151DBBF65A004739C6 /* Build configuration list for PBXNativeTarget "TripodUITests" */ = {
			isa = XCConfigurationList;
			buildConfigurations = (
				57B333161DBBF65A004739C6 /* Debug */,
				57B333171DBBF65A004739C6 /* Release */,
			);
			defaultConfigurationIsVisible = 0;
		};
/* End XCConfigurationList section */

/* Begin XCVersionGroup section */
		57B332EE1DBBF65A004739C6 /* Tripod.xcdatamodeld */ = {
			isa = XCVersionGroup;
			children = (
				57B332EF1DBBF65A004739C6 /* Tripod.xcdatamodel */,
			);
			currentVersion = 57B332EF1DBBF65A004739C6 /* Tripod.xcdatamodel */;
			path = Tripod.xcdatamodeld;
			sourceTree = "<group>";
			versionGroupType = wrapper.xcdatamodel;
		};
/* End XCVersionGroup section */
	};
	rootObject = 57B332DC1DBBF65A004739C6 /* Project object */;
}
